<?xml version="1.0" encoding="utf-8"?>
<Project ToolsVersion="4.0" xmlns="http://schemas.microsoft.com/developer/msbuild/2003">
  <ItemGroup>
    <Filter Include="Source Files">
      <UniqueIdentifier>{609ddf45-5721-4c10-a0dd-df9ae251937f}</UniqueIdentifier>
      <Extensions>cpp;c;cxx;rc;def;r;odl;idl;hpj;bat</Extensions>
    </Filter>
    <Filter Include="Header Files">
      <UniqueIdentifier>{1a2741d6-cb72-488d-8b73-e6713322b4bc}</UniqueIdentifier>
      <Extensions>h;hpp;hxx;hm;inl</Extensions>
    </Filter>
    <Filter Include="Resource Files">
      <UniqueIdentifier>{7330b9dc-6763-4395-af16-960337d9d158}</UniqueIdentifier>
      <Extensions>ico;cur;bmp;dlg;rc2;rct;bin;rgs;gif;jpg;jpeg;jpe</Extensions>
    </Filter>
    <Filter Include="Header Files\Misc">
      <UniqueIdentifier>{8c46b641-00d9-44b4-8de0-61269e6fa9c7}</UniqueIdentifier>
    </Filter>
    <Filter Include="Header Files\FSM">
      <UniqueIdentifier>{dab3e9ef-866e-4ddb-9745-8322cc04a8cf}</UniqueIdentifier>
    </Filter>
    <Filter Include="Header Files\Messaging">
      <UniqueIdentifier>{b84bca2c-0f24-43ea-8ad2-b7f489c5c40d}</UniqueIdentifier>
    </Filter>
    <Filter Include="Header Files\Entities">
      <UniqueIdentifier>{b879515d-7101-49a8-ad4c-3c7192cd169b}</UniqueIdentifier>
    </Filter>
  </ItemGroup>
  <ItemGroup>
    <ClCompile Include="BaseGameEntity.cpp">
      <Filter>Source Files</Filter>
    </ClCompile>
    <ClCompile Include="main.cpp">
      <Filter>Source Files</Filter>
    </ClCompile>
    <ClCompile Include="WizardStates.cpp">
      <Filter>Source Files</Filter>
    </ClCompile>
    <ClCompile Include="WitchStates.cpp">
      <Filter>Source Files</Filter>
    </ClCompile>
    <ClCompile Include="MessageDispatcher.cpp">
      <Filter>Source Files</Filter>
    </ClCompile>
    <ClCompile Include="EntityManager.cpp">
      <Filter>Source Files</Filter>
    </ClCompile>
  </ItemGroup>
  <ItemGroup>
    <ClInclude Include="Messaging\MessageDispatcher.h">
      <Filter>Header Files\Messaging</Filter>
    </ClInclude>
    <ClInclude Include="Messaging\MessageTypes.h">
      <Filter>Header Files\Messaging</Filter>
    </ClInclude>
    <ClInclude Include="Messaging\Telegram.h">
      <Filter>Header Files\Messaging</Filter>
    </ClInclude>
    <ClInclude Include="Entities\Witch.h">
      <Filter>Header Files\Entities</Filter>
    </ClInclude>
    <ClInclude Include="Entities\WitchStates.h">
      <Filter>Header Files\Entities</Filter>
    </ClInclude>
    <ClInclude Include="Entities\Wizard.h">
      <Filter>Header Files\Entities</Filter>
    </ClInclude>
    <ClInclude Include="Entities\WizardStates.h">
      <Filter>Header Files\Entities</Filter>
    </ClInclude>
    <ClInclude Include="FSM\BaseGameEntity.h">
      <Filter>Header Files\FSM</Filter>
    </ClInclude>
    <ClInclude Include="FSM\EntityManager.h">
      <Filter>Header Files\FSM</Filter>
    </ClInclude>
    <ClInclude Include="FSM\EntityNames.h">
      <Filter>Header Files\FSM</Filter>
    </ClInclude>
    <ClInclude Include="FSM\Locations.h">
      <Filter>Header Files\FSM</Filter>
    </ClInclude>
    <ClInclude Include="FSM\State.h">
      <Filter>Header Files\FSM</Filter>
    </ClInclude>
    <ClInclude Include="FSM\StateMachine.h">
      <Filter>Header Files\FSM</Filter>
    </ClInclude>
    <ClInclude Include="Misc\ConsoleUtils.h">
      <Filter>Header Files\Misc</Filter>
    </ClInclude>
    <ClInclude Include="Misc\CrudeTimer.h">
      <Filter>Header Files\Misc</Filter>
    </ClInclude>
    <ClInclude Include="Misc\utils.h">
      <Filter>Header Files\Misc</Filter>
    </ClInclude>
  </ItemGroup>
</Project>